
Microsoft Visual Studio Solution File, Format Version 12.00
Project("{FAE04EC0-301F-11D3-BF4B-00C04F79EFBC}") = "siege-api-test", "siege-api-test\siege-api-test.csproj", "{D2823A6B-20D8-47C2-BC12-4604BE1EED0B}"
EndProject
Global
	GlobalSection(SolutionConfigurationPlatforms) = preSolution
		Debug|Any CPU = Debug|Any CPU
		Release|Any CPU = Release|Any CPU
	EndGlobalSection
	GlobalSection(ProjectConfigurationPlatforms) = postSolution
		{D2823A6B-20D8-47C2-BC12-4604BE1EED0B}.Debug|Any CPU.ActiveCfg = Debug|Any CPU
		{D2823A6B-20D8-47C2-BC12-4604BE1EED0B}.Debug|Any CPU.Build.0 = Debug|Any CPU
		{D2823A6B-20D8-47C2-BC12-4604BE1EED0B}.Release|Any CPU.ActiveCfg = Release|Any CPU
		{D2823A6B-20D8-47C2-BC12-4604BE1EED0B}.Release|Any CPU.Build.0 = Release|Any CPU
	EndGlobalSection
EndGlobal
